// !$*UTF8*$!
{
	archiveVersion = 1;
	classes = {
	};
	objectVersion = 50;
	objects = {

/* Begin PBXBuildFile section */
		E33AB19B247A55C000761828 /* sample.mp4 in Resources */ = {isa = PBXBuildFile; fileRef = E33AB19A247A55C000761828 /* sample.mp4 */; };
		E354C536247A4AC100E87104 /* watchOS-playvideo-inline WatchKit App.app in Embed Watch Content */ = {isa = PBXBuildFile; fileRef = E354C535247A4AC100E87104 /* watchOS-playvideo-inline WatchKit App.app */; settings = {ATTRIBUTES = (RemoveHeadersOnCopy, ); }; };
		E354C53C247A4AC100E87104 /* Interface.storyboard in Resources */ = {isa = PBXBuildFile; fileRef = E354C53A247A4AC100E87104 /* Interface.storyboard */; };
		E354C53E247A4AC200E87104 /* Assets.xcassets in Resources */ = {isa = PBXBuildFile; fileRef = E354C53D247A4AC200E87104 /* Assets.xcassets */; };
		E354C545247A4AC200E87104 /* watchOS-playvideo-inline WatchKit Extension.appex in Embed App Extensions */ = {isa = PBXBuildFile; fileRef = E354C544247A4AC200E87104 /* watchOS-playvideo-inline WatchKit Extension.appex */; settings = {ATTRIBUTES = (RemoveHeadersOnCopy, ); }; };
		E354C54A247A4AC200E87104 /* InterfaceController.swift in Sources */ = {isa = PBXBuildFile; fileRef = E354C549247A4AC200E87104 /* InterfaceController.swift */; };
		E354C54C247A4AC200E87104 /* ExtensionDelegate.swift in Sources */ = {isa = PBXBuildFile; fileRef = E354C54B247A4AC200E87104 /* ExtensionDelegate.swift */; };
		E354C54E247A4AC200E87104 /* NotificationController.swift in Sources */ = {isa = PBXBuildFile; fileRef = E354C54D247A4AC200E87104 /* NotificationController.swift */; };
		E354C550247A4AC200E87104 /* Assets.xcassets in Resources */ = {isa = PBXBuildFile; fileRef = E354C54F247A4AC200E87104 /* Assets.xcassets */; };
/* End PBXBuildFile section */

/* Begin PBXContainerItemProxy section */
		E354C537247A4AC100E87104 /* PBXContainerItemProxy */ = {
			isa = PBXContainerItemProxy;
			containerPortal = E354C52B247A4AC100E87104 /* Project object */;
			proxyType = 1;
			remoteGlobalIDString = E354C534247A4AC100E87104;
			remoteInfo = "watchOS-playvideo-inline WatchKit App";
		};
		E354C546247A4AC200E87104 /* PBXContainerItemProxy */ = {
			isa = PBXContainerItemProxy;
			containerPortal = E354C52B247A4AC100E87104 /* Project object */;
			proxyType = 1;
			remoteGlobalIDString = E354C543247A4AC200E87104;
			remoteInfo = "watchOS-playvideo-inline WatchKit Extension";
		};
/* End PBXContainerItemProxy section */

/* Begin PBXCopyFilesBuildPhase section */
		E354C558247A4AC200E87104 /* Embed App Extensions */ = {
			isa = PBXCopyFilesBuildPhase;
			buildActionMask = 2147483647;
			dstPath = "";
			dstSubfolderSpec = 13;
			files = (
				E354C545247A4AC200E87104 /* watchOS-playvideo-inline WatchKit Extension.appex in Embed App Extensions */,
			);
			name = "Embed App Extensions";
			runOnlyForDeploymentPostprocessing = 0;
		};
		E354C55C247A4AC200E87104 /* Embed Watch Content */ = {
			isa = PBXCopyFilesBuildPhase;
			buildActionMask = 2147483647;
			dstPath = "$(CONTENTS_FOLDER_PATH)/Watch";
			dstSubfolderSpec = 16;
			files = (
				E354C536247A4AC100E87104 /* watchOS-playvideo-inline WatchKit App.app in Embed Watch Content */,
			);
			name = "Embed Watch Content";
			runOnlyForDeploymentPostprocessing = 0;
		};
/* End PBXCopyFilesBuildPhase section */

/* Begin PBXFileReference section */
		E33AB19A247A55C000761828 /* sample.mp4 */ = {isa = PBXFileReference; lastKnownFileType = file; path = sample.mp4; sourceTree = "<group>"; };
		E354C531247A4AC100E87104 /* watchOS-playvideo-inline.app */ = {isa = PBXFileReference; explicitFileType = wrapper.application; includeInIndex = 0; path = "watchOS-playvideo-inline.app"; sourceTree = BUILT_PRODUCTS_DIR; };
		E354C535247A4AC100E87104 /* watchOS-playvideo-inline WatchKit App.app */ = {isa = PBXFileReference; explicitFileType = wrapper.application; includeInIndex = 0; path = "watchOS-playvideo-inline WatchKit App.app"; sourceTree = BUILT_PRODUCTS_DIR; };
		E354C53B247A4AC100E87104 /* Base */ = {isa = PBXFileReference; lastKnownFileType = file.storyboard; name = Base; path = Base.lproj/Interface.storyboard; sourceTree = "<group>"; };
		E354C53D247A4AC200E87104 /* Assets.xcassets */ = {isa = PBXFileReference; lastKnownFileType = folder.assetcatalog; path = Assets.xcassets; sourceTree = "<group>"; };
		E354C53F247A4AC200E87104 /* Info.plist */ = {isa = PBXFileReference; lastKnownFileType = text.plist.xml; path = Info.plist; sourceTree = "<group>"; };
		E354C544247A4AC200E87104 /* watchOS-playvideo-inline WatchKit Extension.appex */ = {isa = PBXFileReference; explicitFileType = "wrapper.app-extension"; includeInIndex = 0; path = "watchOS-playvideo-inline WatchKit Extension.appex"; sourceTree = BUILT_PRODUCTS_DIR; };
		E354C549247A4AC200E87104 /* InterfaceController.swift */ = {isa = PBXFileReference; lastKnownFileType = sourcecode.swift; path = InterfaceController.swift; sourceTree = "<group>"; };
		E354C54B247A4AC200E87104 /* ExtensionDelegate.swift */ = {isa = PBXFileReference; lastKnownFileType = sourcecode.swift; path = ExtensionDelegate.swift; sourceTree = "<group>"; };
		E354C54D247A4AC200E87104 /* NotificationController.swift */ = {isa = PBXFileReference; lastKnownFileType = sourcecode.swift; path = NotificationController.swift; sourceTree = "<group>"; };
		E354C54F247A4AC200E87104 /* Assets.xcassets */ = {isa = PBXFileReference; lastKnownFileType = folder.assetcatalog; path = Assets.xcassets; sourceTree = "<group>"; };
		E354C551247A4AC200E87104 /* Info.plist */ = {isa = PBXFileReference; lastKnownFileType = text.plist.xml; path = Info.plist; sourceTree = "<group>"; };
		E354C552247A4AC200E87104 /* PushNotificationPayload.apns */ = {isa = PBXFileReference; lastKnownFileType = text; path = PushNotificationPayload.apns; sourceTree = "<group>"; };
/* End PBXFileReference section */

/* Begin PBXFrameworksBuildPhase section */
		E354C541247A4AC200E87104 /* Frameworks */ = {
			isa = PBXFrameworksBuildPhase;
			buildActionMask = 2147483647;
			files = (
			);
			runOnlyForDeploymentPostprocessing = 0;
		};
/* End PBXFrameworksBuildPhase section */

/* Begin PBXGroup section */
		E354C52A247A4AC100E87104 = {
			isa = PBXGroup;
			children = (
				E354C539247A4AC100E87104 /* watchOS-playvideo-inline WatchKit App */,
				E354C548247A4AC200E87104 /* watchOS-playvideo-inline WatchKit Extension */,
				E354C532247A4AC100E87104 /* Products */,
			);
			sourceTree = "<group>";
		};
		E354C532247A4AC100E87104 /* Products */ = {
			isa = PBXGroup;
			children = (
				E354C531247A4AC100E87104 /* watchOS-playvideo-inline.app */,
				E354C535247A4AC100E87104 /* watchOS-playvideo-inline WatchKit App.app */,
				E354C544247A4AC200E87104 /* watchOS-playvideo-inline WatchKit Extension.appex */,
			);
			name = Products;
			sourceTree = "<group>";
		};
		E354C539247A4AC100E87104 /* watchOS-playvideo-inline WatchKit App */ = {
			isa = PBXGroup;
			children = (
				E354C53A247A4AC100E87104 /* Interface.storyboard */,
				E354C53D247A4AC200E87104 /* Assets.xcassets */,
				E354C53F247A4AC200E87104 /* Info.plist */,
			);
			path = "watchOS-playvideo-inline WatchKit App";
			sourceTree = "<group>";
		};
		E354C548247A4AC200E87104 /* watchOS-playvideo-inline WatchKit Extension */ = {
			isa = PBXGroup;
			children = (
				E33AB19A247A55C000761828 /* sample.mp4 */,
				E354C549247A4AC200E87104 /* InterfaceController.swift */,
				E354C54B247A4AC200E87104 /* ExtensionDelegate.swift */,
				E354C54D247A4AC200E87104 /* NotificationController.swift */,
				E354C54F247A4AC200E87104 /* Assets.xcassets */,
				E354C551247A4AC200E87104 /* Info.plist */,
				E354C552247A4AC200E87104 /* PushNotificationPayload.apns */,
			);
			path = "watchOS-playvideo-inline WatchKit Extension";
			sourceTree = "<group>";
		};
/* End PBXGroup section */

/* Begin PBXNativeTarget section */
		E354C530247A4AC100E87104 /* watchOS-playvideo-inline */ = {
			isa = PBXNativeTarget;
			buildConfigurationList = E354C55D247A4AC200E87104 /* Build configuration list for PBXNativeTarget "watchOS-playvideo-inline" */;
			buildPhases = (
				E354C52F247A4AC100E87104 /* Resources */,
				E354C55C247A4AC200E87104 /* Embed Watch Content */,
			);
			buildRules = (
			);
			dependencies = (
				E354C538247A4AC100E87104 /* PBXTargetDependency */,
			);
			name = "watchOS-playvideo-inline";
			productName = "watchOS-playvideo-inline";
			productReference = E354C531247A4AC100E87104 /* watchOS-playvideo-inline.app */;
			productType = "com.apple.product-type.application.watchapp2-container";
		};
		E354C534247A4AC100E87104 /* watchOS-playvideo-inline WatchKit App */ = {
			isa = PBXNativeTarget;
			buildConfigurationList = E354C559247A4AC200E87104 /* Build configuration list for PBXNativeTarget "watchOS-playvideo-inline WatchKit App" */;
			buildPhases = (
				E354C533247A4AC100E87104 /* Resources */,
				E354C558247A4AC200E87104 /* Embed App Extensions */,
			);
			buildRules = (
			);
			dependencies = (
				E354C547247A4AC200E87104 /* PBXTargetDependency */,
			);
			name = "watchOS-playvideo-inline WatchKit App";
			productName = "watchOS-playvideo-inline WatchKit App";
			productReference = E354C535247A4AC100E87104 /* watchOS-playvideo-inline WatchKit App.app */;
			productType = "com.apple.product-type.application.watchapp2";
		};
		E354C543247A4AC200E87104 /* watchOS-playvideo-inline WatchKit Extension */ = {
			isa = PBXNativeTarget;
			buildConfigurationList = E354C555247A4AC200E87104 /* Build configuration list for PBXNativeTarget "watchOS-playvideo-inline WatchKit Extension" */;
			buildPhases = (
				E354C540247A4AC200E87104 /* Sources */,
				E354C541247A4AC200E87104 /* Frameworks */,
				E354C542247A4AC200E87104 /* Resources */,
			);
			buildRules = (
			);
			dependencies = (
			);
			name = "watchOS-playvideo-inline WatchKit Extension";
			productName = "watchOS-playvideo-inline WatchKit Extension";
			productReference = E354C544247A4AC200E87104 /* watchOS-playvideo-inline WatchKit Extension.appex */;
			productType = "com.apple.product-type.watchkit2-extension";
		};
/* End PBXNativeTarget section */

/* Begin PBXProject section */
		E354C52B247A4AC100E87104 /* Project object */ = {
			isa = PBXProject;
			attributes = {
				LastSwiftUpdateCheck = 1150;
				LastUpgradeCheck = 1150;
				ORGANIZATIONNAME = yorifuji;
				TargetAttributes = {
					E354C530247A4AC100E87104 = {
						CreatedOnToolsVersion = 11.5;
					};
					E354C534247A4AC100E87104 = {
						CreatedOnToolsVersion = 11.5;
					};
					E354C543247A4AC200E87104 = {
						CreatedOnToolsVersion = 11.5;
					};
				};
			};
			buildConfigurationList = E354C52E247A4AC100E87104 /* Build configuration list for PBXProject "watchOS-playvideo-inline" */;
			compatibilityVersion = "Xcode 9.3";
			developmentRegion = en;
			hasScannedForEncodings = 0;
			knownRegions = (
				en,
				Base,
			);
			mainGroup = E354C52A247A4AC100E87104;
			productRefGroup = E354C532247A4AC100E87104 /* Products */;
			projectDirPath = "";
			projectRoot = "";
			targets = (
				E354C530247A4AC100E87104 /* watchOS-playvideo-inline */,
				E354C534247A4AC100E87104 /* watchOS-playvideo-inline WatchKit App */,
				E354C543247A4AC200E87104 /* watchOS-playvideo-inline WatchKit Extension */,
			);
		};
/* End PBXProject section */

/* Begin PBXResourcesBuildPhase section */
		E354C52F247A4AC100E87104 /* Resources */ = {
			isa = PBXResourcesBuildPhase;
			buildActionMask = 2147483647;
			files = (
			);
			runOnlyForDeploymentPostprocessing = 0;
		};
		E354C533247A4AC100E87104 /* Resources */ = {
			isa = PBXResourcesBuildPhase;
			buildActionMask = 2147483647;
			files = (
				E354C53E247A4AC200E87104 /* Assets.xcassets in Resources */,
				E354C53C247A4AC100E87104 /* Interface.storyboard in Resources */,
			);
			runOnlyForDeploymentPostprocessing = 0;
		};
		E354C542247A4AC200E87104 /* Resources */ = {
			isa = PBXResourcesBuildPhase;
			buildActionMask = 2147483647;
			files = (
				E354C550247A4AC200E87104 /* Assets.xcassets in Resources */,
				E33AB19B247A55C000761828 /* sample.mp4 in Resources */,
			);
			runOnlyForDeploymentPostprocessing = 0;
		};
/* End PBXResourcesBuildPhase section */

/* Begin PBXSourcesBuildPhase section */
		E354C540247A4AC200E87104 /* Sources */ = {
			isa = PBXSourcesBuildPhase;
			buildActionMask = 2147483647;
			files = (
				E354C54E247A4AC200E87104 /* NotificationController.swift in Sources */,
				E354C54C247A4AC200E87104 /* ExtensionDelegate.swift in Sources */,
				E354C54A247A4AC200E87104 /* InterfaceController.swift in Sources */,
			);
			runOnlyForDeploymentPostprocessing = 0;
		};
/* End PBXSourcesBuildPhase section */

/* Begin PBXTargetDependency section */
		E354C538247A4AC100E87104 /* PBXTargetDependency */ = {
			isa = PBXTargetDependency;
			target = E354C534247A4AC100E87104 /* watchOS-playvideo-inline WatchKit App */;
			targetProxy = E354C537247A4AC100E87104 /* PBXContainerItemProxy */;
		};
		E354C547247A4AC200E87104 /* PBXTargetDependency */ = {
			isa = PBXTargetDependency;
			target = E354C543247A4AC200E87104 /* watchOS-playvideo-inline WatchKit Extension */;
			targetProxy = E354C546247A4AC200E87104 /* PBXContainerItemProxy */;
		};
/* End PBXTargetDependency section */

/* Begin PBXVariantGroup section */
		E354C53A247A4AC100E87104 /* Interface.storyboard */ = {
			isa = PBXVariantGroup;
			children = (
				E354C53B247A4AC100E87104 /* Base */,
			);
			name = Interface.storyboard;
			sourceTree = "<group>";
		};
/* End PBXVariantGroup section */

/* Begin XCBuildConfiguration section */
		E354C553247A4AC200E87104 /* Debug */ = {
			isa = XCBuildConfiguration;
			buildSettings = {
				ALWAYS_SEARCH_USER_PATHS = NO;
				CLANG_ANALYZER_NONNULL = YES;
				CLANG_ANALYZER_NUMBER_OBJECT_CONVERSION = YES_AGGRESSIVE;
				CLANG_CXX_LANGUAGE_STANDARD = "gnu++14";
				CLANG_CXX_LIBRARY = "libc++";
				CLANG_ENABLE_MODULES = YES;
				CLANG_ENABLE_OBJC_ARC = YES;
				CLANG_ENABLE_OBJC_WEAK = YES;
				CLANG_WARN_BLOCK_CAPTURE_AUTORELEASING = YES;
				CLANG_WARN_BOOL_CONVERSION = YES;
				CLANG_WARN_COMMA = YES;
				CLANG_WARN_CONSTANT_CONVERSION = YES;
				CLANG_WARN_DEPRECATED_OBJC_IMPLEMENTATIONS = YES;
				CLANG_WARN_DIRECT_OBJC_ISA_USAGE = YES_ERROR;
				CLANG_WARN_DOCUMENTATION_COMMENTS = YES;
				CLANG_WARN_EMPTY_BODY = YES;
				CLANG_WARN_ENUM_CONVERSION = YES;
				CLANG_WARN_INFINITE_RECURSION = YES;
				CLANG_WARN_INT_CONVERSION = YES;
				CLANG_WARN_NON_LITERAL_NULL_CONVERSION = YES;
				CLANG_WARN_OBJC_IMPLICIT_RETAIN_SELF = YES;
				CLANG_WARN_OBJC_LITERAL_CONVERSION = YES;
				CLANG_WARN_OBJC_ROOT_CLASS = YES_ERROR;
				CLANG_WARN_RANGE_LOOP_ANALYSIS = YES;
				CLANG_WARN_STRICT_PROTOTYPES = YES;
				CLANG_WARN_SUSPICIOUS_MOVE = YES;
				CLANG_WARN_UNGUARDED_AVAILABILITY = YES_AGGRESSIVE;
				CLANG_WARN_UNREACHABLE_CODE = YES;
				CLANG_WARN__DUPLICATE_METHOD_MATCH = YES;
				COPY_PHASE_STRIP = NO;
				DEBUG_INFORMATION_FORMAT = dwarf;
				ENABLE_STRICT_OBJC_MSGSEND = YES;
				ENABLE_TESTABILITY = YES;
				GCC_C_LANGUAGE_STANDARD = gnu11;
				GCC_DYNAMIC_NO_PIC = NO;
				GCC_NO_COMMON_BLOCKS = YES;
				GCC_OPTIMIZATION_LEVEL = 0;
				GCC_PREPROCESSOR_DEFINITIONS = (
					"DEBUG=1",
					"$(inherited)",
				);
				GCC_WARN_64_TO_32_BIT_CONVERSION = YES;
				GCC_WARN_ABOUT_RETURN_TYPE = YES_ERROR;
				GCC_WARN_UNDECLARED_SELECTOR = YES;
				GCC_WARN_UNINITIALIZED_AUTOS = YES_AGGRESSIVE;
				GCC_WARN_UNUSED_FUNCTION = YES;
				GCC_WARN_UNUSED_VARIABLE = YES;
				MTL_ENABLE_DEBUG_INFO = INCLUDE_SOURCE;
				MTL_FAST_MATH = YES;
				ONLY_ACTIVE_ARCH = YES;
				SDKROOT = iphoneos;
				SWIFT_ACTIVE_COMPILATION_CONDITIONS = DEBUG;
				SWIFT_OPTIMIZATION_LEVEL = "-Onone";
			};
			name = Debug;
		};
		E354C554247A4AC200E87104 /* Release */ = {
			isa = XCBuildConfiguration;
			buildSettings = {
				ALWAYS_SEARCH_USER_PATHS = NO;
				CLANG_ANALYZER_NONNULL = YES;
				CLANG_ANALYZER_NUMBER_OBJECT_CONVERSION = YES_AGGRESSIVE;
				CLANG_CXX_LANGUAGE_STANDARD = "gnu++14";
				CLANG_CXX_LIBRARY = "libc++";
				CLANG_ENABLE_MODULES = YES;
				CLANG_ENABLE_OBJC_ARC = YES;
				CLANG_ENABLE_OBJC_WEAK = YES;
				CLANG_WARN_BLOCK_CAPTURE_AUTORELEASING = YES;
				CLANG_WARN_BOOL_CONVERSION = YES;
				CLANG_WARN_COMMA = YES;
				CLANG_WARN_CONSTANT_CONVERSION = YES;
				CLANG_WARN_DEPRECATED_OBJC_IMPLEMENTATIONS = YES;
				CLANG_WARN_DIRECT_OBJC_ISA_USAGE = YES_ERROR;
				CLANG_WARN_DOCUMENTATION_COMMENTS = YES;
				CLANG_WARN_EMPTY_BODY = YES;
				CLANG_WARN_ENUM_CONVERSION = YES;
				CLANG_WARN_INFINITE_RECURSION = YES;
				CLANG_WARN_INT_CONVERSION = YES;
				CLANG_WARN_NON_LITERAL_NULL_CONVERSION = YES;
				CLANG_WARN_OBJC_IMPLICIT_RETAIN_SELF = YES;
				CLANG_WARN_OBJC_LITERAL_CONVERSION = YES;
				CLANG_WARN_OBJC_ROOT_CLASS = YES_ERROR;
				CLANG_WARN_RANGE_LOOP_ANALYSIS = YES;
				CLANG_WARN_STRICT_PROTOTYPES = YES;
				CLANG_WARN_SUSPICIOUS_MOVE = YES;
				CLANG_WARN_UNGUARDED_AVAILABILITY = YES_AGGRESSIVE;
				CLANG_WARN_UNREACHABLE_CODE = YES;
				CLANG_WARN__DUPLICATE_METHOD_MATCH = YES;
				COPY_PHASE_STRIP = NO;
				DEBUG_INFORMATION_FORMAT = "dwarf-with-dsym";
				ENABLE_NS_ASSERTIONS = NO;
				ENABLE_STRICT_OBJC_MSGSEND = YES;
				GCC_C_LANGUAGE_STANDARD = gnu11;
				GCC_NO_COMMON_BLOCKS = YES;
				GCC_WARN_64_TO_32_BIT_CONVERSION = YES;
				GCC_WARN_ABOUT_RETURN_TYPE = YES_ERROR;
				GCC_WARN_UNDECLARED_SELECTOR = YES;
				GCC_WARN_UNINITIALIZED_AUTOS = YES_AGGRESSIVE;
				GCC_WARN_UNUSED_FUNCTION = YES;
				GCC_WARN_UNUSED_VARIABLE = YES;
				MTL_ENABLE_DEBUG_INFO = NO;
				MTL_FAST_MATH = YES;
				SDKROOT = iphoneos;
				SWIFT_COMPILATION_MODE = wholemodule;
				SWIFT_OPTIMIZATION_LEVEL = "-O";
				VALIDATE_PRODUCT = YES;
			};
			name = Release;
		};
		E354C556247A4AC200E87104 /* Debug */ = {
			isa = XCBuildConfiguration;
			buildSettings = {
				ASSETCATALOG_COMPILER_COMPLICATION_NAME = Complication;
				CODE_SIGN_STYLE = Automatic;
				DEVELOPMENT_TEAM = 5QJR7K89TS;
				INFOPLIST_FILE = "watchOS-playvideo-inline WatchKit Extension/Info.plist";
				LD_RUNPATH_SEARCH_PATHS = (
					"$(inherited)",
					"@executable_path/Frameworks",
					"@executable_path/../../Frameworks",
				);
				PRODUCT_BUNDLE_IDENTIFIER = "com.example.watchOS-playvideo-inline.watchkitapp.watchkitextension";
				PRODUCT_NAME = "${TARGET_NAME}";
				SDKROOT = watchos;
				SKIP_INSTALL = YES;
				SWIFT_VERSION = 5.0;
				TARGETED_DEVICE_FAMILY = 4;
				WATCHOS_DEPLOYMENT_TARGET = 6.2;
			};
			name = Debug;
		};
		E354C557247A4AC200E87104 /* Release */ = {
			isa = XCBuildConfiguration;
			buildSettings = {
				ASSETCATALOG_COMPILER_COMPLICATION_NAME = Complication;
				CODE_SIGN_STYLE = Automatic;
				DEVELOPMENT_TEAM = 5QJR7K89TS;
				INFOPLIST_FILE = "watchOS-playvideo-inline WatchKit Extension/Info.plist";
				LD_RUNPATH_SEARCH_PATHS = (
					"$(inherited)",
					"@executable_path/Frameworks",
					"@executable_path/../../Frameworks",
				);
				PRODUCT_BUNDLE_IDENTIFIER = "com.example.watchOS-playvideo-inline.watchkitapp.watchkitextension";
				PRODUCT_NAME = "${TARGET_NAME}";
				SDKROOT = watchos;
				SKIP_INSTALL = YES;
				SWIFT_VERSION = 5.0;
				TARGETED_DEVICE_FAMILY = 4;
				WATCHOS_DEPLOYMENT_TARGET = 6.2;
			};
			name = Release;
		};
		E354C55A247A4AC200E87104 /* Debug */ = {
			isa = XCBuildConfiguration;
			buildSettings = {
				ALWAYS_EMBED_SWIFT_STANDARD_LIBRARIES = YES;
				ASSETCATALOG_COMPILER_APPICON_NAME = AppIcon;
				CODE_SIGN_STYLE = Automatic;
				DEVELOPMENT_TEAM = 5QJR7K89TS;
				IBSC_MODULE = watchOS_playvideo_inline_WatchKit_Extension;
				INFOPLIST_FILE = "watchOS-playvideo-inline WatchKit App/Info.plist";
				PRODUCT_BUNDLE_IDENTIFIER = "com.example.watchOS-playvideo-inline.watchkitapp";
				PRODUCT_NAME = "$(TARGET_NAME)";
				SDKROOT = watchos;
				SKIP_INSTALL = YES;
				SWIFT_VERSION = 5.0;
				TARGETED_DEVICE_FAMILY = 4;
				WATCHOS_DEPLOYMENT_TARGET = 6.2;
			};
			name = Debug;
		};
		E354C55B247A4AC200E87104 /* Release */ = {
			isa = XCBuildConfiguration;
			buildSettings = {
				ALWAYS_EMBED_SWIFT_STANDARD_LIBRARIES = YES;
				ASSETCATALOG_COMPILER_APPICON_NAME = AppIcon;
				CODE_SIGN_STYLE = Automatic;
				DEVELOPMENT_TEAM = 5QJR7K89TS;
				IBSC_MODULE = watchOS_playvideo_inline_WatchKit_Extension;
				INFOPLIST_FILE = "watchOS-playvideo-inline WatchKit App/Info.plist";
				PRODUCT_BUNDLE_IDENTIFIER = "com.example.watchOS-playvideo-inline.watchkitapp";
				PRODUCT_NAME = "$(TARGET_NAME)";
				SDKROOT = watchos;
				SKIP_INSTALL = YES;
				SWIFT_VERSION = 5.0;
				TARGETED_DEVICE_FAMILY = 4;
				WATCHOS_DEPLOYMENT_TARGET = 6.2;
			};
			name = Release;
		};
		E354C55E247A4AC200E87104 /* Debug */ = {
			isa = XCBuildConfiguration;
			buildSettings = {
				CODE_SIGN_STYLE = Automatic;
				CURRENT_PROJECT_VERSION = 1;
				DEVELOPMENT_TEAM = 5QJR7K89TS;
				MARKETING_VERSION = 1.0;
				PRODUCT_BUNDLE_IDENTIFIER = "com.example.watchOS-playvideo-inline";
				PRODUCT_NAME = "$(TARGET_NAME)";
				SWIFT_VERSION = 5.0;
			};
			name = Debug;
		};
		E354C55F247A4AC200E87104 /* Release */ = {
			isa = XCBuildConfiguration;
			buildSettings = {
				CODE_SIGN_STYLE = Automatic;
				CURRENT_PROJECT_VERSION = 1;
				DEVELOPMENT_TEAM = 5QJR7K89TS;
				MARKETING_VERSION = 1.0;
				PRODUCT_BUNDLE_IDENTIFIER = "com.example.watchOS-playvideo-inline";
				PRODUCT_NAME = "$(TARGET_NAME)";
				SWIFT_VERSION = 5.0;
			};
			name = Release;
		};
/* End XCBuildConfiguration section */

/* Begin XCConfigurationList section */
		E354C52E247A4AC100E87104 /* Build configuration list for PBXProject "watchOS-playvideo-inline" */ = {
			isa = XCConfigurationList;
			buildConfigurations = (
				E354C553247A4AC200E87104 /* Debug */,
				E354C554247A4AC200E87104 /* Release */,
			);
			defaultConfigurationIsVisible = 0;
			defaultConfigurationName = Release;
		};
		E354C555247A4AC200E87104 /* Build configuration list for PBXNativeTarget "watchOS-playvideo-inline WatchKit Extension" */ = {
			isa = XCConfigurationList;
			buildConfigurations = (
				E354C556247A4AC200E87104 /* Debug */,
				E354C557247A4AC200E87104 /* Release */,
			);
			defaultConfigurationIsVisible = 0;
			defaultConfigurationName = Release;
		};
		E354C559247A4AC200E87104 /* Build configuration list for PBXNativeTarget "watchOS-playvideo-inline WatchKit App" */ = {
			isa = XCConfigurationList;
			buildConfigurations = (
				E354C55A247A4AC200E87104 /* Debug */,
				E354C55B247A4AC200E87104 /* Release */,
			);
			defaultConfigurationIsVisible = 0;
			defaultConfigurationName = Release;
		};
		E354C55D247A4AC200E87104 /* Build configuration list for PBXNativeTarget "watchOS-playvideo-inline" */ = {
			isa = XCConfigurationList;
			buildConfigurations = (
				E354C55E247A4AC200E87104 /* Debug */,
				E354C55F247A4AC200E87104 /* Release */,
			);
			defaultConfigurationIsVisible = 0;
			defaultConfigurationName = Release;
		};
/* End XCConfigurationList section */
	};
	rootObject = E354C52B247A4AC100E87104 /* Project object */;
}
